
Microsoft Visual Studio Solution File, Format Version 12.00
# Visual Studio Version 17
VisualStudioVersion = 17.7.34202.233
MinimumVisualStudioVersion = 10.0.40219.1
Project("{FAE04EC0-301F-11D3-BF4B-00C04F79EFBC}") = "app", "WebApplication1\app.csproj", "{AB415280-1EB9-420B-BFB1-E0E7A767AD4F}"
EndProject
Global
	GlobalSection(SolutionConfigurationPlatforms) = preSolution
		Debug|Any CPU = Debug|Any CPU
		Release|Any CPU = Release|Any CPU
	EndGlobalSection
	GlobalSection(ProjectConfigurationPlatforms) = postSolution
		{AB415280-1EB9-420B-BFB1-E0E7A767AD4F}.Debug|Any CPU.ActiveCfg = Debug|Any CPU
		{AB415280-1EB9-420B-BFB1-E0E7A767AD4F}.Debug|Any CPU.Build.0 = Debug|Any CPU
		{AB415280-1EB9-420B-BFB1-E0E7A767AD4F}.Release|Any CPU.ActiveCfg = Release|Any CPU
		{AB415280-1EB9-420B-BFB1-E0E7A767AD4F}.Release|Any CPU.Build.0 = Release|Any CPU
	EndGlobalSection
	GlobalSection(SolutionProperties) = preSolution
		HideSolutionNode = FALSE
	EndGlobalSection
	GlobalSection(ExtensibilityGlobals) = postSolution
		SolutionGuid = {931408D8-F7E4-4D47-A327-47D998D7E3A1}
	EndGlobalSection
EndGlobal
